PODS:
  - Bolts (1.9.0):
    - Bolts/AppLinks (= 1.9.0)
    - Bolts/Tasks (= 1.9.0)
  - Bolts/AppLinks (1.9.0):
    - Bolts/Tasks
  - Bolts/Tasks (1.9.0)
  - FBSDKCoreKit (4.34.0):
    - Bolts (~> 1.7)
  - FBSDKLoginKit (4.34.0):
    - FBSDKCoreKit
  - SDWebImage (3.8.2):
    - SDWebImage/Core (= 3.8.2)
  - SDWebImage/Core (3.8.2)
  - UIActivityIndicator-for-SDWebImage (1.2):
    - SDWebImage (~> 3.7)

DEPENDENCIES:
  - FBSDKLoginKit
  - SDWebImage (~> 3.8)
  - UIActivityIndicator-for-SDWebImage

SPEC REPOS:
  https://github.com/cocoapods/specs.git:
    - Bolts
    - FBSDKCoreKit
    - FBSDKLoginKit
    - SDWebImage
    - UIActivityIndicator-for-SDWebImage

SPEC CHECKSUMS:
  Bolts: ac6567323eac61e203f6a9763667d0f711be34c8
  FBSDKCoreKit: 0ff57f093b85c8c9d5aba697d3edf68a8960ce78
  FBSDKLoginKit: 8c78f57a145afb756e4755e69195ebe08a42466e
  SDWebImage: 098e97e6176540799c27e804c96653ee0833d13c
  UIActivityIndicator-for-SDWebImage: 7bf7ebbf0ed1747dedc0d6e949c4603a6d0f9e0c

PODFILE CHECKSUM: 3f390b6f1ee3a4692fe28be7f3bf59449bbb0f26

COCOAPODS: 1.5.3
