// !$*UTF8*$!
{
	archiveVersion = 1;
	classes = {
	};
	objectVersion = 48;
	objects = {

/* Begin PBXBuildFile section */
		5F6353072160DAE5001B5F8B /* AppDelegate.m in Sources */ = {isa = PBXBuildFile; fileRef = 5F6353062160DAE5001B5F8B /* AppDelegate.m */; };
		5F63530D2160DAE5001B5F8B /* Main.storyboard in Resources */ = {isa = PBXBuildFile; fileRef = 5F63530B2160DAE5001B5F8B /* Main.storyboard */; };
		5F63530F2160DAE5001B5F8B /* Assets.xcassets in Resources */ = {isa = PBXBuildFile; fileRef = 5F63530E2160DAE5001B5F8B /* Assets.xcassets */; };
		5F6353122160DAE5001B5F8B /* LaunchScreen.storyboard in Resources */ = {isa = PBXBuildFile; fileRef = 5F6353102160DAE5001B5F8B /* LaunchScreen.storyboard */; };
		5F6353152160DAE5001B5F8B /* main.m in Sources */ = {isa = PBXBuildFile; fileRef = 5F6353142160DAE5001B5F8B /* main.m */; };
		5F63531C2160DCB0001B5F8B /* Podfile in Resources */ = {isa = PBXBuildFile; fileRef = 5F63531B2160DCB0001B5F8B /* Podfile */; };
		5F6353222160DE44001B5F8B /* DejalActivityView.m in Sources */ = {isa = PBXBuildFile; fileRef = 5F6353212160DE44001B5F8B /* DejalActivityView.m */; };
		5F6353252160DE62001B5F8B /* Album.m in Sources */ = {isa = PBXBuildFile; fileRef = 5F6353242160DE61001B5F8B /* Album.m */; };
		5F6353282160DE77001B5F8B /* Picture.m in Sources */ = {isa = PBXBuildFile; fileRef = 5F6353272160DE77001B5F8B /* Picture.m */; };
		5F63532C2160DF48001B5F8B /* AlbumViewController.m in Sources */ = {isa = PBXBuildFile; fileRef = 5F63532B2160DF48001B5F8B /* AlbumViewController.m */; };
		5F6353322160DFB3001B5F8B /* AlbumDetailsViewController.m in Sources */ = {isa = PBXBuildFile; fileRef = 5F6353312160DFB3001B5F8B /* AlbumDetailsViewController.m */; };
		5F6353352160E00A001B5F8B /* AlbumDetailsViewCell.m in Sources */ = {isa = PBXBuildFile; fileRef = 5F6353342160E00A001B5F8B /* AlbumDetailsViewCell.m */; };
		5F6353382160E033001B5F8B /* AlbumViewCell.m in Sources */ = {isa = PBXBuildFile; fileRef = 5F6353372160E033001B5F8B /* AlbumViewCell.m */; };
		5F63533C2160E2B0001B5F8B /* FacebookLoginViewController.m in Sources */ = {isa = PBXBuildFile; fileRef = 5F63533B2160E2B0001B5F8B /* FacebookLoginViewController.m */; };
		D12117CC0BA9422FF8AF0410 /* libPods-TestTechniqueAdria.a in Frameworks */ = {isa = PBXBuildFile; fileRef = 3E39C12E4F5054799CA9DC64 /* libPods-TestTechniqueAdria.a */; };
/* End PBXBuildFile section */

/* Begin PBXFileReference section */
		3E39C12E4F5054799CA9DC64 /* libPods-TestTechniqueAdria.a */ = {isa = PBXFileReference; explicitFileType = archive.ar; includeInIndex = 0; path = "libPods-TestTechniqueAdria.a"; sourceTree = BUILT_PRODUCTS_DIR; };
		53A03EC9371BF27DED2576E4 /* Pods-TestTechniqueAdria.release.xcconfig */ = {isa = PBXFileReference; includeInIndex = 1; lastKnownFileType = text.xcconfig; name = "Pods-TestTechniqueAdria.release.xcconfig"; path = "Pods/Target Support Files/Pods-TestTechniqueAdria/Pods-TestTechniqueAdria.release.xcconfig"; sourceTree = "<group>"; };
		5F6353022160DAE5001B5F8B /* TestTechniqueAdria.app */ = {isa = PBXFileReference; explicitFileType = wrapper.application; includeInIndex = 0; path = TestTechniqueAdria.app; sourceTree = BUILT_PRODUCTS_DIR; };
		5F6353052160DAE5001B5F8B /* AppDelegate.h */ = {isa = PBXFileReference; lastKnownFileType = sourcecode.c.h; path = AppDelegate.h; sourceTree = "<group>"; };
		5F6353062160DAE5001B5F8B /* AppDelegate.m */ = {isa = PBXFileReference; lastKnownFileType = sourcecode.c.objc; path = AppDelegate.m; sourceTree = "<group>"; };
		5F63530C2160DAE5001B5F8B /* Base */ = {isa = PBXFileReference; lastKnownFileType = file.storyboard; name = Base; path = Base.lproj/Main.storyboard; sourceTree = "<group>"; };
		5F63530E2160DAE5001B5F8B /* Assets.xcassets */ = {isa = PBXFileReference; lastKnownFileType = folder.assetcatalog; path = Assets.xcassets; sourceTree = "<group>"; };
		5F6353112160DAE5001B5F8B /* Base */ = {isa = PBXFileReference; lastKnownFileType = file.storyboard; name = Base; path = Base.lproj/LaunchScreen.storyboard; sourceTree = "<group>"; };
		5F6353132160DAE5001B5F8B /* Info.plist */ = {isa = PBXFileReference; lastKnownFileType = text.plist.xml; path = Info.plist; sourceTree = "<group>"; };
		5F6353142160DAE5001B5F8B /* main.m */ = {isa = PBXFileReference; lastKnownFileType = sourcecode.c.objc; path = main.m; sourceTree = "<group>"; };
		5F63531B2160DCB0001B5F8B /* Podfile */ = {isa = PBXFileReference; lastKnownFileType = text; path = Podfile; sourceTree = "<group>"; };
		5F6353202160DE43001B5F8B /* DejalActivityView.h */ = {isa = PBXFileReference; fileEncoding = 4; lastKnownFileType = sourcecode.c.h; path = DejalActivityView.h; sourceTree = "<group>"; };
		5F6353212160DE44001B5F8B /* DejalActivityView.m */ = {isa = PBXFileReference; fileEncoding = 4; lastKnownFileType = sourcecode.c.objc; path = DejalActivityView.m; sourceTree = "<group>"; };
		5F6353232160DE61001B5F8B /* Album.h */ = {isa = PBXFileReference; lastKnownFileType = sourcecode.c.h; path = Album.h; sourceTree = "<group>"; };
		5F6353242160DE61001B5F8B /* Album.m */ = {isa = PBXFileReference; lastKnownFileType = sourcecode.c.objc; path = Album.m; sourceTree = "<group>"; };
		5F6353262160DE77001B5F8B /* Picture.h */ = {isa = PBXFileReference; lastKnownFileType = sourcecode.c.h; path = Picture.h; sourceTree = "<group>"; };
		5F6353272160DE77001B5F8B /* Picture.m */ = {isa = PBXFileReference; lastKnownFileType = sourcecode.c.objc; path = Picture.m; sourceTree = "<group>"; };
		5F63532A2160DF48001B5F8B /* AlbumViewController.h */ = {isa = PBXFileReference; lastKnownFileType = sourcecode.c.h; path = AlbumViewController.h; sourceTree = "<group>"; };
		5F63532B2160DF48001B5F8B /* AlbumViewController.m */ = {isa = PBXFileReference; lastKnownFileType = sourcecode.c.objc; path = AlbumViewController.m; sourceTree = "<group>"; };
		5F6353302160DFB3001B5F8B /* AlbumDetailsViewController.h */ = {isa = PBXFileReference; lastKnownFileType = sourcecode.c.h; path = AlbumDetailsViewController.h; sourceTree = "<group>"; };
		5F6353312160DFB3001B5F8B /* AlbumDetailsViewController.m */ = {isa = PBXFileReference; lastKnownFileType = sourcecode.c.objc; path = AlbumDetailsViewController.m; sourceTree = "<group>"; };
		5F6353332160E00A001B5F8B /* AlbumDetailsViewCell.h */ = {isa = PBXFileReference; lastKnownFileType = sourcecode.c.h; path = AlbumDetailsViewCell.h; sourceTree = "<group>"; };
		5F6353342160E00A001B5F8B /* AlbumDetailsViewCell.m */ = {isa = PBXFileReference; lastKnownFileType = sourcecode.c.objc; path = AlbumDetailsViewCell.m; sourceTree = "<group>"; };
		5F6353362160E033001B5F8B /* AlbumViewCell.h */ = {isa = PBXFileReference; lastKnownFileType = sourcecode.c.h; path = AlbumViewCell.h; sourceTree = "<group>"; };
		5F6353372160E033001B5F8B /* AlbumViewCell.m */ = {isa = PBXFileReference; lastKnownFileType = sourcecode.c.objc; path = AlbumViewCell.m; sourceTree = "<group>"; };
		5F63533A2160E2B0001B5F8B /* FacebookLoginViewController.h */ = {isa = PBXFileReference; lastKnownFileType = sourcecode.c.h; path = FacebookLoginViewController.h; sourceTree = "<group>"; };
		5F63533B2160E2B0001B5F8B /* FacebookLoginViewController.m */ = {isa = PBXFileReference; lastKnownFileType = sourcecode.c.objc; path = FacebookLoginViewController.m; sourceTree = "<group>"; };
		BEDBBA8B8B2440A7E8E5DF06 /* Pods-TestTechniqueAdria.debug.xcconfig */ = {isa = PBXFileReference; includeInIndex = 1; lastKnownFileType = text.xcconfig; name = "Pods-TestTechniqueAdria.debug.xcconfig"; path = "Pods/Target Support Files/Pods-TestTechniqueAdria/Pods-TestTechniqueAdria.debug.xcconfig"; sourceTree = "<group>"; };
/* End PBXFileReference section */

/* Begin PBXFrameworksBuildPhase section */
		5F6352FF2160DAE5001B5F8B /* Frameworks */ = {
			isa = PBXFrameworksBuildPhase;
			buildActionMask = 2147483647;
			files = (
				D12117CC0BA9422FF8AF0410 /* libPods-TestTechniqueAdria.a in Frameworks */,
			);
			runOnlyForDeploymentPostprocessing = 0;
		};
/* End PBXFrameworksBuildPhase section */

/* Begin PBXGroup section */
		122F0FE3540BB3963AD72FB9 /* Pods */ = {
			isa = PBXGroup;
			children = (
				BEDBBA8B8B2440A7E8E5DF06 /* Pods-TestTechniqueAdria.debug.xcconfig */,
				53A03EC9371BF27DED2576E4 /* Pods-TestTechniqueAdria.release.xcconfig */,
			);
			name = Pods;
			sourceTree = "<group>";
		};
		5F6352F92160DAE5001B5F8B = {
			isa = PBXGroup;
			children = (
				5F63531B2160DCB0001B5F8B /* Podfile */,
				5F6353042160DAE5001B5F8B /* TestTechniqueAdria */,
				5F6353032160DAE5001B5F8B /* Products */,
				122F0FE3540BB3963AD72FB9 /* Pods */,
				649BB285CA9C86D8085AE44E /* Frameworks */,
			);
			sourceTree = "<group>";
		};
		5F6353032160DAE5001B5F8B /* Products */ = {
			isa = PBXGroup;
			children = (
				5F6353022160DAE5001B5F8B /* TestTechniqueAdria.app */,
			);
			name = Products;
			sourceTree = "<group>";
		};
		5F6353042160DAE5001B5F8B /* TestTechniqueAdria */ = {
			isa = PBXGroup;
			children = (
				5F63531F2160DDE1001B5F8B /* Utils */,
				5F63531E2160DDCD001B5F8B /* Models */,
				5F63531D2160DDBB001B5F8B /* ViewControllers */,
				5F6353052160DAE5001B5F8B /* AppDelegate.h */,
				5F6353062160DAE5001B5F8B /* AppDelegate.m */,
				5F63530B2160DAE5001B5F8B /* Main.storyboard */,
				5F63530E2160DAE5001B5F8B /* Assets.xcassets */,
				5F6353102160DAE5001B5F8B /* LaunchScreen.storyboard */,
				5F6353132160DAE5001B5F8B /* Info.plist */,
				5F6353142160DAE5001B5F8B /* main.m */,
			);
			path = TestTechniqueAdria;
			sourceTree = "<group>";
		};
		5F63531D2160DDBB001B5F8B /* ViewControllers */ = {
			isa = PBXGroup;
			children = (
				5F6353392160E285001B5F8B /* VCFacebook */,
				5F6353292160DECC001B5F8B /* VCAlbum */,
			);
			path = ViewControllers;
			sourceTree = "<group>";
		};
		5F63531E2160DDCD001B5F8B /* Models */ = {
			isa = PBXGroup;
			children = (
				5F6353232160DE61001B5F8B /* Album.h */,
				5F6353242160DE61001B5F8B /* Album.m */,
				5F6353262160DE77001B5F8B /* Picture.h */,
				5F6353272160DE77001B5F8B /* Picture.m */,
			);
			path = Models;
			sourceTree = "<group>";
		};
		5F63531F2160DDE1001B5F8B /* Utils */ = {
			isa = PBXGroup;
			children = (
				5F6353202160DE43001B5F8B /* DejalActivityView.h */,
				5F6353212160DE44001B5F8B /* DejalActivityView.m */,
			);
			path = Utils;
			sourceTree = "<group>";
		};
		5F6353292160DECC001B5F8B /* VCAlbum */ = {
			isa = PBXGroup;
			children = (
				5F63532A2160DF48001B5F8B /* AlbumViewController.h */,
				5F63532B2160DF48001B5F8B /* AlbumViewController.m */,
				5F6353362160E033001B5F8B /* AlbumViewCell.h */,
				5F6353372160E033001B5F8B /* AlbumViewCell.m */,
				5F6353302160DFB3001B5F8B /* AlbumDetailsViewController.h */,
				5F6353312160DFB3001B5F8B /* AlbumDetailsViewController.m */,
				5F6353332160E00A001B5F8B /* AlbumDetailsViewCell.h */,
				5F6353342160E00A001B5F8B /* AlbumDetailsViewCell.m */,
			);
			path = VCAlbum;
			sourceTree = "<group>";
		};
		5F6353392160E285001B5F8B /* VCFacebook */ = {
			isa = PBXGroup;
			children = (
				5F63533A2160E2B0001B5F8B /* FacebookLoginViewController.h */,
				5F63533B2160E2B0001B5F8B /* FacebookLoginViewController.m */,
			);
			path = VCFacebook;
			sourceTree = "<group>";
		};
		649BB285CA9C86D8085AE44E /* Frameworks */ = {
			isa = PBXGroup;
			children = (
				3E39C12E4F5054799CA9DC64 /* libPods-TestTechniqueAdria.a */,
			);
			name = Frameworks;
			sourceTree = "<group>";
		};
/* End PBXGroup section */

/* Begin PBXNativeTarget section */
		5F6353012160DAE5001B5F8B /* TestTechniqueAdria */ = {
			isa = PBXNativeTarget;
			buildConfigurationList = 5F6353182160DAE5001B5F8B /* Build configuration list for PBXNativeTarget "TestTechniqueAdria" */;
			buildPhases = (
				896DD7F6083F5BD5476BE64F /* [CP] Check Pods Manifest.lock */,
				5F6352FE2160DAE5001B5F8B /* Sources */,
				5F6352FF2160DAE5001B5F8B /* Frameworks */,
				5F6353002160DAE5001B5F8B /* Resources */,
				49C86BFB76657470339DFB29 /* [CP] Copy Pods Resources */,
			);
			buildRules = (
			);
			dependencies = (
			);
			name = TestTechniqueAdria;
			productName = TestTechniqueAdria;
			productReference = 5F6353022160DAE5001B5F8B /* TestTechniqueAdria.app */;
			productType = "com.apple.product-type.application";
		};
/* End PBXNativeTarget section */

/* Begin PBXProject section */
		5F6352FA2160DAE5001B5F8B /* Project object */ = {
			isa = PBXProject;
			attributes = {
				LastUpgradeCheck = 0920;
				ORGANIZATIONNAME = Noureddine;
				TargetAttributes = {
					5F6353012160DAE5001B5F8B = {
						CreatedOnToolsVersion = 9.2;
						ProvisioningStyle = Automatic;
					};
				};
			};
			buildConfigurationList = 5F6352FD2160DAE5001B5F8B /* Build configuration list for PBXProject "TestTechniqueAdria" */;
			compatibilityVersion = "Xcode 8.0";
			developmentRegion = en;
			hasScannedForEncodings = 0;
			knownRegions = (
				en,
				Base,
			);
			mainGroup = 5F6352F92160DAE5001B5F8B;
			productRefGroup = 5F6353032160DAE5001B5F8B /* Products */;
			projectDirPath = "";
			projectRoot = "";
			targets = (
				5F6353012160DAE5001B5F8B /* TestTechniqueAdria */,
			);
		};
/* End PBXProject section */

/* Begin PBXResourcesBuildPhase section */
		5F6353002160DAE5001B5F8B /* Resources */ = {
			isa = PBXResourcesBuildPhase;
			buildActionMask = 2147483647;
			files = (
				5F6353122160DAE5001B5F8B /* LaunchScreen.storyboard in Resources */,
				5F63530F2160DAE5001B5F8B /* Assets.xcassets in Resources */,
				5F63531C2160DCB0001B5F8B /* Podfile in Resources */,
				5F63530D2160DAE5001B5F8B /* Main.storyboard in Resources */,
			);
			runOnlyForDeploymentPostprocessing = 0;
		};
/* End PBXResourcesBuildPhase section */

/* Begin PBXShellScriptBuildPhase section */
		49C86BFB76657470339DFB29 /* [CP] Copy Pods Resources */ = {
			isa = PBXShellScriptBuildPhase;
			buildActionMask = 2147483647;
			files = (
			);
			inputPaths = (
				"${SRCROOT}/Pods/Target Support Files/Pods-TestTechniqueAdria/Pods-TestTechniqueAdria-resources.sh",
				"${PODS_ROOT}/FBSDKCoreKit/FacebookSDKStrings.bundle",
			);
			name = "[CP] Copy Pods Resources";
			outputPaths = (
				"${TARGET_BUILD_DIR}/${UNLOCALIZED_RESOURCES_FOLDER_PATH}/FacebookSDKStrings.bundle",
			);
			runOnlyForDeploymentPostprocessing = 0;
			shellPath = /bin/sh;
			shellScript = "\"${SRCROOT}/Pods/Target Support Files/Pods-TestTechniqueAdria/Pods-TestTechniqueAdria-resources.sh\"\n";
			showEnvVarsInLog = 0;
		};
		896DD7F6083F5BD5476BE64F /* [CP] Check Pods Manifest.lock */ = {
			isa = PBXShellScriptBuildPhase;
			buildActionMask = 2147483647;
			files = (
			);
			inputPaths = (
				"${PODS_PODFILE_DIR_PATH}/Podfile.lock",
				"${PODS_ROOT}/Manifest.lock",
			);
			name = "[CP] Check Pods Manifest.lock";
			outputPaths = (
				"$(DERIVED_FILE_DIR)/Pods-TestTechniqueAdria-checkManifestLockResult.txt",
			);
			runOnlyForDeploymentPostprocessing = 0;
			shellPath = /bin/sh;
			shellScript = "diff \"${PODS_PODFILE_DIR_PATH}/Podfile.lock\" \"${PODS_ROOT}/Manifest.lock\" > /dev/null\nif [ $? != 0 ] ; then\n    # print error to STDERR\n    echo \"error: The sandbox is not in sync with the Podfile.lock. Run 'pod install' or update your CocoaPods installation.\" >&2\n    exit 1\nfi\n# This output is used by Xcode 'outputs' to avoid re-running this script phase.\necho \"SUCCESS\" > \"${SCRIPT_OUTPUT_FILE_0}\"\n";
			showEnvVarsInLog = 0;
		};
/* End PBXShellScriptBuildPhase section */

/* Begin PBXSourcesBuildPhase section */
		5F6352FE2160DAE5001B5F8B /* Sources */ = {
			isa = PBXSourcesBuildPhase;
			buildActionMask = 2147483647;
			files = (
				5F6353222160DE44001B5F8B /* DejalActivityView.m in Sources */,
				5F6353282160DE77001B5F8B /* Picture.m in Sources */,
				5F6353352160E00A001B5F8B /* AlbumDetailsViewCell.m in Sources */,
				5F6353382160E033001B5F8B /* AlbumViewCell.m in Sources */,
				5F63532C2160DF48001B5F8B /* AlbumViewController.m in Sources */,
				5F6353152160DAE5001B5F8B /* main.m in Sources */,
				5F63533C2160E2B0001B5F8B /* FacebookLoginViewController.m in Sources */,
				5F6353322160DFB3001B5F8B /* AlbumDetailsViewController.m in Sources */,
				5F6353072160DAE5001B5F8B /* AppDelegate.m in Sources */,
				5F6353252160DE62001B5F8B /* Album.m in Sources */,
			);
			runOnlyForDeploymentPostprocessing = 0;
		};
/* End PBXSourcesBuildPhase section */

/* Begin PBXVariantGroup section */
		5F63530B2160DAE5001B5F8B /* Main.storyboard */ = {
			isa = PBXVariantGroup;
			children = (
				5F63530C2160DAE5001B5F8B /* Base */,
			);
			name = Main.storyboard;
			sourceTree = "<group>";
		};
		5F6353102160DAE5001B5F8B /* LaunchScreen.storyboard */ = {
			isa = PBXVariantGroup;
			children = (
				5F6353112160DAE5001B5F8B /* Base */,
			);
			name = LaunchScreen.storyboard;
			sourceTree = "<group>";
		};
/* End PBXVariantGroup section */

/* Begin XCBuildConfiguration section */
		5F6353162160DAE5001B5F8B /* Debug */ = {
			isa = XCBuildConfiguration;
			buildSettings = {
				ALWAYS_SEARCH_USER_PATHS = NO;
				CLANG_ANALYZER_NONNULL = YES;
				CLANG_ANALYZER_NUMBER_OBJECT_CONVERSION = YES_AGGRESSIVE;
				CLANG_CXX_LANGUAGE_STANDARD = "gnu++14";
				CLANG_CXX_LIBRARY = "libc++";
				CLANG_ENABLE_MODULES = YES;
				CLANG_ENABLE_OBJC_ARC = YES;
				CLANG_WARN_BLOCK_CAPTURE_AUTORELEASING = YES;
				CLANG_WARN_BOOL_CONVERSION = YES;
				CLANG_WARN_COMMA = YES;
				CLANG_WARN_CONSTANT_CONVERSION = YES;
				CLANG_WARN_DIRECT_OBJC_ISA_USAGE = YES_ERROR;
				CLANG_WARN_DOCUMENTATION_COMMENTS = YES;
				CLANG_WARN_EMPTY_BODY = YES;
				CLANG_WARN_ENUM_CONVERSION = YES;
				CLANG_WARN_INFINITE_RECURSION = YES;
				CLANG_WARN_INT_CONVERSION = YES;
				CLANG_WARN_NON_LITERAL_NULL_CONVERSION = YES;
				CLANG_WARN_OBJC_LITERAL_CONVERSION = YES;
				CLANG_WARN_OBJC_ROOT_CLASS = YES_ERROR;
				CLANG_WARN_RANGE_LOOP_ANALYSIS = YES;
				CLANG_WARN_STRICT_PROTOTYPES = YES;
				CLANG_WARN_SUSPICIOUS_MOVE = YES;
				CLANG_WARN_UNGUARDED_AVAILABILITY = YES_AGGRESSIVE;
				CLANG_WARN_UNREACHABLE_CODE = YES;
				CLANG_WARN__DUPLICATE_METHOD_MATCH = YES;
				CODE_SIGN_IDENTITY = "iPhone Developer";
				COPY_PHASE_STRIP = NO;
				DEBUG_INFORMATION_FORMAT = dwarf;
				DEVELOPMENT_TEAM = FZNF65G3R8;
				ENABLE_STRICT_OBJC_MSGSEND = YES;
				ENABLE_TESTABILITY = YES;
				GCC_C_LANGUAGE_STANDARD = gnu11;
				GCC_DYNAMIC_NO_PIC = NO;
				GCC_NO_COMMON_BLOCKS = YES;
				GCC_OPTIMIZATION_LEVEL = 0;
				GCC_PREPROCESSOR_DEFINITIONS = (
					"DEBUG=1",
					"$(inherited)",
				);
				GCC_WARN_64_TO_32_BIT_CONVERSION = YES;
				GCC_WARN_ABOUT_RETURN_TYPE = YES_ERROR;
				GCC_WARN_UNDECLARED_SELECTOR = YES;
				GCC_WARN_UNINITIALIZED_AUTOS = YES_AGGRESSIVE;
				GCC_WARN_UNUSED_FUNCTION = YES;
				GCC_WARN_UNUSED_VARIABLE = YES;
				IPHONEOS_DEPLOYMENT_TARGET = 11.2;
				MTL_ENABLE_DEBUG_INFO = YES;
				ONLY_ACTIVE_ARCH = YES;
				SDKROOT = iphoneos;
			};
			name = Debug;
		};
		5F6353172160DAE5001B5F8B /* Release */ = {
			isa = XCBuildConfiguration;
			buildSettings = {
				ALWAYS_SEARCH_USER_PATHS = NO;
				CLANG_ANALYZER_NONNULL = YES;
				CLANG_ANALYZER_NUMBER_OBJECT_CONVERSION = YES_AGGRESSIVE;
				CLANG_CXX_LANGUAGE_STANDARD = "gnu++14";
				CLANG_CXX_LIBRARY = "libc++";
				CLANG_ENABLE_MODULES = YES;
				CLANG_ENABLE_OBJC_ARC = YES;
				CLANG_WARN_BLOCK_CAPTURE_AUTORELEASING = YES;
				CLANG_WARN_BOOL_CONVERSION = YES;
				CLANG_WARN_COMMA = YES;
				CLANG_WARN_CONSTANT_CONVERSION = YES;
				CLANG_WARN_DIRECT_OBJC_ISA_USAGE = YES_ERROR;
				CLANG_WARN_DOCUMENTATION_COMMENTS = YES;
				CLANG_WARN_EMPTY_BODY = YES;
				CLANG_WARN_ENUM_CONVERSION = YES;
				CLANG_WARN_INFINITE_RECURSION = YES;
				CLANG_WARN_INT_CONVERSION = YES;
				CLANG_WARN_NON_LITERAL_NULL_CONVERSION = YES;
				CLANG_WARN_OBJC_LITERAL_CONVERSION = YES;
				CLANG_WARN_OBJC_ROOT_CLASS = YES_ERROR;
				CLANG_WARN_RANGE_LOOP_ANALYSIS = YES;
				CLANG_WARN_STRICT_PROTOTYPES = YES;
				CLANG_WARN_SUSPICIOUS_MOVE = YES;
				CLANG_WARN_UNGUARDED_AVAILABILITY = YES_AGGRESSIVE;
				CLANG_WARN_UNREACHABLE_CODE = YES;
				CLANG_WARN__DUPLICATE_METHOD_MATCH = YES;
				CODE_SIGN_IDENTITY = "iPhone Developer";
				COPY_PHASE_STRIP = NO;
				DEBUG_INFORMATION_FORMAT = "dwarf-with-dsym";
				DEVELOPMENT_TEAM = FZNF65G3R8;
				ENABLE_NS_ASSERTIONS = NO;
				ENABLE_STRICT_OBJC_MSGSEND = YES;
				GCC_C_LANGUAGE_STANDARD = gnu11;
				GCC_NO_COMMON_BLOCKS = YES;
				GCC_WARN_64_TO_32_BIT_CONVERSION = YES;
				GCC_WARN_ABOUT_RETURN_TYPE = YES_ERROR;
				GCC_WARN_UNDECLARED_SELECTOR = YES;
				GCC_WARN_UNINITIALIZED_AUTOS = YES_AGGRESSIVE;
				GCC_WARN_UNUSED_FUNCTION = YES;
				GCC_WARN_UNUSED_VARIABLE = YES;
				IPHONEOS_DEPLOYMENT_TARGET = 11.2;
				MTL_ENABLE_DEBUG_INFO = NO;
				SDKROOT = iphoneos;
				VALIDATE_PRODUCT = YES;
			};
			name = Release;
		};
		5F6353192160DAE5001B5F8B /* Debug */ = {
			isa = XCBuildConfiguration;
			baseConfigurationReference = BEDBBA8B8B2440A7E8E5DF06 /* Pods-TestTechniqueAdria.debug.xcconfig */;
			buildSettings = {
				ASSETCATALOG_COMPILER_APPICON_NAME = AppIcon;
				CODE_SIGN_STYLE = Automatic;
				DEVELOPMENT_TEAM = FZNF65G3R8;
				INFOPLIST_FILE = TestTechniqueAdria/Info.plist;
				LD_RUNPATH_SEARCH_PATHS = "$(inherited) @executable_path/Frameworks";
				PRODUCT_BUNDLE_IDENTIFIER = TestTechniqueAdria.TestTechniqueAdria;
				PRODUCT_NAME = "$(TARGET_NAME)";
				TARGETED_DEVICE_FAMILY = "1,2";
			};
			name = Debug;
		};
		5F63531A2160DAE5001B5F8B /* Release */ = {
			isa = XCBuildConfiguration;
			baseConfigurationReference = 53A03EC9371BF27DED2576E4 /* Pods-TestTechniqueAdria.release.xcconfig */;
			buildSettings = {
				ASSETCATALOG_COMPILER_APPICON_NAME = AppIcon;
				CODE_SIGN_STYLE = Automatic;
				DEVELOPMENT_TEAM = FZNF65G3R8;
				INFOPLIST_FILE = TestTechniqueAdria/Info.plist;
				LD_RUNPATH_SEARCH_PATHS = "$(inherited) @executable_path/Frameworks";
				PRODUCT_BUNDLE_IDENTIFIER = TestTechniqueAdria.TestTechniqueAdria;
				PRODUCT_NAME = "$(TARGET_NAME)";
				TARGETED_DEVICE_FAMILY = "1,2";
			};
			name = Release;
		};
/* End XCBuildConfiguration section */

/* Begin XCConfigurationList section */
		5F6352FD2160DAE5001B5F8B /* Build configuration list for PBXProject "TestTechniqueAdria" */ = {
			isa = XCConfigurationList;
			buildConfigurations = (
				5F6353162160DAE5001B5F8B /* Debug */,
				5F6353172160DAE5001B5F8B /* Release */,
			);
			defaultConfigurationIsVisible = 0;
			defaultConfigurationName = Release;
		};
		5F6353182160DAE5001B5F8B /* Build configuration list for PBXNativeTarget "TestTechniqueAdria" */ = {
			isa = XCConfigurationList;
			buildConfigurations = (
				5F6353192160DAE5001B5F8B /* Debug */,
				5F63531A2160DAE5001B5F8B /* Release */,
			);
			defaultConfigurationIsVisible = 0;
			defaultConfigurationName = Release;
		};
/* End XCConfigurationList section */
	};
	rootObject = 5F6352FA2160DAE5001B5F8B /* Project object */;
}
